
Microsoft Visual Studio Solution File, Format Version 12.00
# Visual Studio 15
VisualStudioVersion = 15.0.27004.2006
MinimumVisualStudioVersion = 10.0.40219.1
Project("{FAE04EC0-301F-11D3-BF4B-00C04F79EFBC}") = "WCF_BookService", "WCF_BookService\WCF_BookService.csproj", "{05032704-D5F7-4F8B-86C5-2CE6F2A26090}"
EndProject
Global
	GlobalSection(SolutionConfigurationPlatforms) = preSolution
		Debug|Any CPU = Debug|Any CPU
		Release|Any CPU = Release|Any CPU
	EndGlobalSection
	GlobalSection(ProjectConfigurationPlatforms) = postSolution
		{05032704-D5F7-4F8B-86C5-2CE6F2A26090}.Debug|Any CPU.ActiveCfg = Debug|Any CPU
		{05032704-D5F7-4F8B-86C5-2CE6F2A26090}.Debug|Any CPU.Build.0 = Debug|Any CPU
		{05032704-D5F7-4F8B-86C5-2CE6F2A26090}.Release|Any CPU.ActiveCfg = Release|Any CPU
		{05032704-D5F7-4F8B-86C5-2CE6F2A26090}.Release|Any CPU.Build.0 = Release|Any CPU
	EndGlobalSection
	GlobalSection(SolutionProperties) = preSolution
		HideSolutionNode = FALSE
	EndGlobalSection
	GlobalSection(ExtensibilityGlobals) = postSolution
		SolutionGuid = {A05BC7AF-48E9-4DEE-8CAA-882EED6B928B}
	EndGlobalSection
EndGlobal
